// !$*UTF8*$!
{
	archiveVersion = 1;
	classes = {
	};
	objectVersion = 56;
	objects = {

/* Begin PBXBuildFile section */
		4F9C528CFEEA186BAD66CB62 /* Pods_DevelHelper.framework in Frameworks */ = {isa = PBXBuildFile; fileRef = 010D2AE9930E585058F83365 /* Pods_DevelHelper.framework */; };
		66E06C87298D169E0060DEFF /* AppDelegate.swift in Sources */ = {isa = PBXBuildFile; fileRef = 66E06C86298D169E0060DEFF /* AppDelegate.swift */; };
		66E06C89298D169E0060DEFF /* SceneDelegate.swift in Sources */ = {isa = PBXBuildFile; fileRef = 66E06C88298D169E0060DEFF /* SceneDelegate.swift */; };
		66E06C90298D169F0060DEFF /* Assets.xcassets in Resources */ = {isa = PBXBuildFile; fileRef = 66E06C8F298D169F0060DEFF /* Assets.xcassets */; };
		66E06C93298D169F0060DEFF /* LaunchScreen.storyboard in Resources */ = {isa = PBXBuildFile; fileRef = 66E06C91298D169F0060DEFF /* LaunchScreen.storyboard */; };
		66E06C9E298D17590060DEFF /* MainTabBarController.swift in Sources */ = {isa = PBXBuildFile; fileRef = 66E06C9D298D17590060DEFF /* MainTabBarController.swift */; };
		66E06CA2298D18FD0060DEFF /* Localizable.strings in Resources */ = {isa = PBXBuildFile; fileRef = 66E06CA4298D18FD0060DEFF /* Localizable.strings */; };
		66E06CA8298D19110060DEFF /* InfoPlist.strings in Resources */ = {isa = PBXBuildFile; fileRef = 66E06CAA298D19110060DEFF /* InfoPlist.strings */; };
		66E06CAE298D19530060DEFF /* UIColor+.swift in Sources */ = {isa = PBXBuildFile; fileRef = 66E06CAD298D19530060DEFF /* UIColor+.swift */; };
		66E06CB1298D19790060DEFF /* String+.swift in Sources */ = {isa = PBXBuildFile; fileRef = 66E06CB0298D19790060DEFF /* String+.swift */; };
		66E06CB3298D1A160060DEFF /* HumanInterfaceGuideViewController.swift in Sources */ = {isa = PBXBuildFile; fileRef = 66E06CB2298D1A160060DEFF /* HumanInterfaceGuideViewController.swift */; };
		66E06CB5298D1B060060DEFF /* ExaminationGuideViewController.swift in Sources */ = {isa = PBXBuildFile; fileRef = 66E06CB4298D1B060060DEFF /* ExaminationGuideViewController.swift */; };
		66E06CB7298D1D360060DEFF /* HomeViewController.swift in Sources */ = {isa = PBXBuildFile; fileRef = 66E06CB6298D1D360060DEFF /* HomeViewController.swift */; };
		66E06CBA298D1DEF0060DEFF /* TranslateViewController.swift in Sources */ = {isa = PBXBuildFile; fileRef = 66E06CB9298D1DEF0060DEFF /* TranslateViewController.swift */; };
		66E06CC0298D24AC0060DEFF /* Language.swift in Sources */ = {isa = PBXBuildFile; fileRef = 66E06CBF298D24AC0060DEFF /* Language.swift */; };
		66E06CC3298D24D20060DEFF /* TranslateRequestModel.swift in Sources */ = {isa = PBXBuildFile; fileRef = 66E06CC2298D24D20060DEFF /* TranslateRequestModel.swift */; };
		66E06CC5298D24F40060DEFF /* TranslateResponseModel.swift in Sources */ = {isa = PBXBuildFile; fileRef = 66E06CC4298D24F40060DEFF /* TranslateResponseModel.swift */; };
		66E06CC7298D252F0060DEFF /* SnapKit+.swift in Sources */ = {isa = PBXBuildFile; fileRef = 66E06CC6298D252F0060DEFF /* SnapKit+.swift */; };
		66E06CC9298D254F0060DEFF /* APIKeys.swift in Sources */ = {isa = PBXBuildFile; fileRef = 66E06CC8298D254F0060DEFF /* APIKeys.swift */; };
		66E06CCB298D2FDE0060DEFF /* LanguageButtonView.swift in Sources */ = {isa = PBXBuildFile; fileRef = 66E06CCA298D2FDE0060DEFF /* LanguageButtonView.swift */; };
		66E06CCE298D328D0060DEFF /* SourceTextView.swift in Sources */ = {isa = PBXBuildFile; fileRef = 66E06CCD298D328D0060DEFF /* SourceTextView.swift */; };
		66E06CD0298D33390060DEFF /* ResultTextView.swift in Sources */ = {isa = PBXBuildFile; fileRef = 66E06CCF298D33390060DEFF /* ResultTextView.swift */; };
		66E06CD2298FA0F10060DEFF /* InputSourceTextView.swift in Sources */ = {isa = PBXBuildFile; fileRef = 66E06CD1298FA0F10060DEFF /* InputSourceTextView.swift */; };
/* End PBXBuildFile section */

/* Begin PBXFileReference section */
		010D2AE9930E585058F83365 /* Pods_DevelHelper.framework */ = {isa = PBXFileReference; explicitFileType = wrapper.framework; includeInIndex = 0; path = Pods_DevelHelper.framework; sourceTree = BUILT_PRODUCTS_DIR; };
		66E06C83298D169E0060DEFF /* DevelHelper.app */ = {isa = PBXFileReference; explicitFileType = wrapper.application; includeInIndex = 0; path = DevelHelper.app; sourceTree = BUILT_PRODUCTS_DIR; };
		66E06C86298D169E0060DEFF /* AppDelegate.swift */ = {isa = PBXFileReference; lastKnownFileType = sourcecode.swift; path = AppDelegate.swift; sourceTree = "<group>"; };
		66E06C88298D169E0060DEFF /* SceneDelegate.swift */ = {isa = PBXFileReference; lastKnownFileType = sourcecode.swift; path = SceneDelegate.swift; sourceTree = "<group>"; };
		66E06C8F298D169F0060DEFF /* Assets.xcassets */ = {isa = PBXFileReference; lastKnownFileType = folder.assetcatalog; path = Assets.xcassets; sourceTree = "<group>"; };
		66E06C92298D169F0060DEFF /* Base */ = {isa = PBXFileReference; lastKnownFileType = file.storyboard; name = Base; path = Base.lproj/LaunchScreen.storyboard; sourceTree = "<group>"; };
		66E06C94298D169F0060DEFF /* Info.plist */ = {isa = PBXFileReference; lastKnownFileType = text.plist.xml; path = Info.plist; sourceTree = "<group>"; };
		66E06C9D298D17590060DEFF /* MainTabBarController.swift */ = {isa = PBXFileReference; lastKnownFileType = sourcecode.swift; path = MainTabBarController.swift; sourceTree = "<group>"; };
		66E06C9F298D18E80060DEFF /* ko */ = {isa = PBXFileReference; lastKnownFileType = text.plist.strings; name = ko; path = ko.lproj/LaunchScreen.strings; sourceTree = "<group>"; };
		66E06CA3298D18FD0060DEFF /* en */ = {isa = PBXFileReference; lastKnownFileType = text.plist.strings; name = en; path = en.lproj/Localizable.strings; sourceTree = "<group>"; };
		66E06CA5298D18FE0060DEFF /* ko */ = {isa = PBXFileReference; lastKnownFileType = text.plist.strings; name = ko; path = ko.lproj/Localizable.strings; sourceTree = "<group>"; };
		66E06CA9298D19110060DEFF /* en */ = {isa = PBXFileReference; lastKnownFileType = text.plist.strings; name = en; path = en.lproj/InfoPlist.strings; sourceTree = "<group>"; };
		66E06CAB298D19150060DEFF /* ko */ = {isa = PBXFileReference; lastKnownFileType = text.plist.strings; name = ko; path = ko.lproj/InfoPlist.strings; sourceTree = "<group>"; };
		66E06CAD298D19530060DEFF /* UIColor+.swift */ = {isa = PBXFileReference; lastKnownFileType = sourcecode.swift; path = "UIColor+.swift"; sourceTree = "<group>"; };
		66E06CB0298D19790060DEFF /* String+.swift */ = {isa = PBXFileReference; lastKnownFileType = sourcecode.swift; path = "String+.swift"; sourceTree = "<group>"; };
		66E06CB2298D1A160060DEFF /* HumanInterfaceGuideViewController.swift */ = {isa = PBXFileReference; lastKnownFileType = sourcecode.swift; path = HumanInterfaceGuideViewController.swift; sourceTree = "<group>"; };
		66E06CB4298D1B060060DEFF /* ExaminationGuideViewController.swift */ = {isa = PBXFileReference; lastKnownFileType = sourcecode.swift; path = ExaminationGuideViewController.swift; sourceTree = "<group>"; };
		66E06CB6298D1D360060DEFF /* HomeViewController.swift */ = {isa = PBXFileReference; lastKnownFileType = sourcecode.swift; path = HomeViewController.swift; sourceTree = "<group>"; };
		66E06CB9298D1DEF0060DEFF /* TranslateViewController.swift */ = {isa = PBXFileReference; lastKnownFileType = sourcecode.swift; path = TranslateViewController.swift; sourceTree = "<group>"; };
		66E06CBF298D24AC0060DEFF /* Language.swift */ = {isa = PBXFileReference; lastKnownFileType = sourcecode.swift; path = Language.swift; sourceTree = "<group>"; };
		66E06CC2298D24D20060DEFF /* TranslateRequestModel.swift */ = {isa = PBXFileReference; lastKnownFileType = sourcecode.swift; path = TranslateRequestModel.swift; sourceTree = "<group>"; };
		66E06CC4298D24F40060DEFF /* TranslateResponseModel.swift */ = {isa = PBXFileReference; lastKnownFileType = sourcecode.swift; path = TranslateResponseModel.swift; sourceTree = "<group>"; };
		66E06CC6298D252F0060DEFF /* SnapKit+.swift */ = {isa = PBXFileReference; lastKnownFileType = sourcecode.swift; path = "SnapKit+.swift"; sourceTree = "<group>"; };
		66E06CC8298D254F0060DEFF /* APIKeys.swift */ = {isa = PBXFileReference; lastKnownFileType = sourcecode.swift; path = APIKeys.swift; sourceTree = "<group>"; };
		66E06CCA298D2FDE0060DEFF /* LanguageButtonView.swift */ = {isa = PBXFileReference; lastKnownFileType = sourcecode.swift; path = LanguageButtonView.swift; sourceTree = "<group>"; };
		66E06CCD298D328D0060DEFF /* SourceTextView.swift */ = {isa = PBXFileReference; lastKnownFileType = sourcecode.swift; path = SourceTextView.swift; sourceTree = "<group>"; };
		66E06CCF298D33390060DEFF /* ResultTextView.swift */ = {isa = PBXFileReference; lastKnownFileType = sourcecode.swift; path = ResultTextView.swift; sourceTree = "<group>"; };
		66E06CD1298FA0F10060DEFF /* InputSourceTextView.swift */ = {isa = PBXFileReference; lastKnownFileType = sourcecode.swift; path = InputSourceTextView.swift; sourceTree = "<group>"; };
		77359693AE42A42619DF59F6 /* Pods-DevelHelper.debug.xcconfig */ = {isa = PBXFileReference; includeInIndex = 1; lastKnownFileType = text.xcconfig; name = "Pods-DevelHelper.debug.xcconfig"; path = "Target Support Files/Pods-DevelHelper/Pods-DevelHelper.debug.xcconfig"; sourceTree = "<group>"; };
		DD28E88CA52898171329E684 /* Pods-DevelHelper.release.xcconfig */ = {isa = PBXFileReference; includeInIndex = 1; lastKnownFileType = text.xcconfig; name = "Pods-DevelHelper.release.xcconfig"; path = "Target Support Files/Pods-DevelHelper/Pods-DevelHelper.release.xcconfig"; sourceTree = "<group>"; };
/* End PBXFileReference section */

/* Begin PBXFrameworksBuildPhase section */
		66E06C80298D169E0060DEFF /* Frameworks */ = {
			isa = PBXFrameworksBuildPhase;
			buildActionMask = 2147483647;
			files = (
				4F9C528CFEEA186BAD66CB62 /* Pods_DevelHelper.framework in Frameworks */,
			);
			runOnlyForDeploymentPostprocessing = 0;
		};
/* End PBXFrameworksBuildPhase section */

/* Begin PBXGroup section */
		66E06C7A298D169E0060DEFF = {
			isa = PBXGroup;
			children = (
				66E06C85298D169E0060DEFF /* DevelHelper */,
				66E06C84298D169E0060DEFF /* Products */,
				B11E5D88672178320FC349A0 /* Pods */,
				671B7632A1DA40184B9854E0 /* Frameworks */,
			);
			sourceTree = "<group>";
		};
		66E06C84298D169E0060DEFF /* Products */ = {
			isa = PBXGroup;
			children = (
				66E06C83298D169E0060DEFF /* DevelHelper.app */,
			);
			name = Products;
			sourceTree = "<group>";
		};
		66E06C85298D169E0060DEFF /* DevelHelper */ = {
			isa = PBXGroup;
			children = (
				66E06CC8298D254F0060DEFF /* APIKeys.swift */,
				66E06CAC298D19340060DEFF /* Localizable */,
				66E06C9A298D16E50060DEFF /* Delegates */,
				66E06CAF298D196D0060DEFF /* Extensions */,
				66E06CB8298D1D500060DEFF /* Presention */,
				66E06C8F298D169F0060DEFF /* Assets.xcassets */,
				66E06C91298D169F0060DEFF /* LaunchScreen.storyboard */,
				66E06C94298D169F0060DEFF /* Info.plist */,
			);
			path = DevelHelper;
			sourceTree = "<group>";
		};
		66E06C9A298D16E50060DEFF /* Delegates */ = {
			isa = PBXGroup;
			children = (
				66E06C86298D169E0060DEFF /* AppDelegate.swift */,
				66E06C88298D169E0060DEFF /* SceneDelegate.swift */,
			);
			path = Delegates;
			sourceTree = "<group>";
		};
		66E06CAC298D19340060DEFF /* Localizable */ = {
			isa = PBXGroup;
			children = (
				66E06CA4298D18FD0060DEFF /* Localizable.strings */,
				66E06CAA298D19110060DEFF /* InfoPlist.strings */,
			);
			path = Localizable;
			sourceTree = "<group>";
		};
		66E06CAF298D196D0060DEFF /* Extensions */ = {
			isa = PBXGroup;
			children = (
				66E06CAD298D19530060DEFF /* UIColor+.swift */,
				66E06CB0298D19790060DEFF /* String+.swift */,
				66E06CC6298D252F0060DEFF /* SnapKit+.swift */,
			);
			path = Extensions;
			sourceTree = "<group>";
		};
		66E06CB8298D1D500060DEFF /* Presention */ = {
			isa = PBXGroup;
			children = (
				66E06C9D298D17590060DEFF /* MainTabBarController.swift */,
				66E06CBE298D23B30060DEFF /* HomeTab */,
				66E06CBC298D23A70060DEFF /* HIGTab */,
				66E06CBD298D23AC0060DEFF /* ExaminationTab */,
				66E06CBB298D239F0060DEFF /* TranslateTab */,
			);
			path = Presention;
			sourceTree = "<group>";
		};
		66E06CBB298D239F0060DEFF /* TranslateTab */ = {
			isa = PBXGroup;
			children = (
				66E06CB9298D1DEF0060DEFF /* TranslateViewController.swift */,
				66E06CCC298D2FE10060DEFF /* SubViews */,
				66E06CC1298D24AF0060DEFF /* Models */,
			);
			path = TranslateTab;
			sourceTree = "<group>";
		};
		66E06CBC298D23A70060DEFF /* HIGTab */ = {
			isa = PBXGroup;
			children = (
				66E06CB2298D1A160060DEFF /* HumanInterfaceGuideViewController.swift */,
			);
			path = HIGTab;
			sourceTree = "<group>";
		};
		66E06CBD298D23AC0060DEFF /* ExaminationTab */ = {
			isa = PBXGroup;
			children = (
				66E06CB4298D1B060060DEFF /* ExaminationGuideViewController.swift */,
			);
			path = ExaminationTab;
			sourceTree = "<group>";
		};
		66E06CBE298D23B30060DEFF /* HomeTab */ = {
			isa = PBXGroup;
			children = (
				66E06CB6298D1D360060DEFF /* HomeViewController.swift */,
			);
			path = HomeTab;
			sourceTree = "<group>";
		};
		66E06CC1298D24AF0060DEFF /* Models */ = {
			isa = PBXGroup;
			children = (
				66E06CBF298D24AC0060DEFF /* Language.swift */,
				66E06CC2298D24D20060DEFF /* TranslateRequestModel.swift */,
				66E06CC4298D24F40060DEFF /* TranslateResponseModel.swift */,
			);
			path = Models;
			sourceTree = "<group>";
		};
		66E06CCC298D2FE10060DEFF /* SubViews */ = {
			isa = PBXGroup;
			children = (
				66E06CCA298D2FDE0060DEFF /* LanguageButtonView.swift */,
				66E06CCF298D33390060DEFF /* ResultTextView.swift */,
				66E06CCD298D328D0060DEFF /* SourceTextView.swift */,
				66E06CD1298FA0F10060DEFF /* InputSourceTextView.swift */,
			);
			path = SubViews;
			sourceTree = "<group>";
		};
		671B7632A1DA40184B9854E0 /* Frameworks */ = {
			isa = PBXGroup;
			children = (
				010D2AE9930E585058F83365 /* Pods_DevelHelper.framework */,
			);
			name = Frameworks;
			sourceTree = "<group>";
		};
		B11E5D88672178320FC349A0 /* Pods */ = {
			isa = PBXGroup;
			children = (
				77359693AE42A42619DF59F6 /* Pods-DevelHelper.debug.xcconfig */,
				DD28E88CA52898171329E684 /* Pods-DevelHelper.release.xcconfig */,
			);
			path = Pods;
			sourceTree = "<group>";
		};
/* End PBXGroup section */

/* Begin PBXNativeTarget section */
		66E06C82298D169E0060DEFF /* DevelHelper */ = {
			isa = PBXNativeTarget;
			buildConfigurationList = 66E06C97298D169F0060DEFF /* Build configuration list for PBXNativeTarget "DevelHelper" */;
			buildPhases = (
				C5C0755F2E86293C4FB550D5 /* [CP] Check Pods Manifest.lock */,
				66E06C7F298D169E0060DEFF /* Sources */,
				66E06C80298D169E0060DEFF /* Frameworks */,
				66E06C81298D169E0060DEFF /* Resources */,
				BDB4CA2853760ADC0A083F9D /* [CP] Embed Pods Frameworks */,
			);
			buildRules = (
			);
			dependencies = (
			);
			name = DevelHelper;
			productName = DevelHelper;
			productReference = 66E06C83298D169E0060DEFF /* DevelHelper.app */;
			productType = "com.apple.product-type.application";
		};
/* End PBXNativeTarget section */

/* Begin PBXProject section */
		66E06C7B298D169E0060DEFF /* Project object */ = {
			isa = PBXProject;
			attributes = {
				BuildIndependentTargetsInParallel = 1;
				LastSwiftUpdateCheck = 1420;
				LastUpgradeCheck = 1420;
				TargetAttributes = {
					66E06C82298D169E0060DEFF = {
						CreatedOnToolsVersion = 14.2;
					};
				};
			};
			buildConfigurationList = 66E06C7E298D169E0060DEFF /* Build configuration list for PBXProject "DevelHelper" */;
			compatibilityVersion = "Xcode 14.0";
			developmentRegion = en;
			hasScannedForEncodings = 0;
			knownRegions = (
				en,
				Base,
				ko,
			);
			mainGroup = 66E06C7A298D169E0060DEFF;
			productRefGroup = 66E06C84298D169E0060DEFF /* Products */;
			projectDirPath = "";
			projectRoot = "";
			targets = (
				66E06C82298D169E0060DEFF /* DevelHelper */,
			);
		};
/* End PBXProject section */

/* Begin PBXResourcesBuildPhase section */
		66E06C81298D169E0060DEFF /* Resources */ = {
			isa = PBXResourcesBuildPhase;
			buildActionMask = 2147483647;
			files = (
				66E06C93298D169F0060DEFF /* LaunchScreen.storyboard in Resources */,
				66E06CA8298D19110060DEFF /* InfoPlist.strings in Resources */,
				66E06CA2298D18FD0060DEFF /* Localizable.strings in Resources */,
				66E06C90298D169F0060DEFF /* Assets.xcassets in Resources */,
			);
			runOnlyForDeploymentPostprocessing = 0;
		};
/* End PBXResourcesBuildPhase section */

/* Begin PBXShellScriptBuildPhase section */
		BDB4CA2853760ADC0A083F9D /* [CP] Embed Pods Frameworks */ = {
			isa = PBXShellScriptBuildPhase;
			buildActionMask = 2147483647;
			files = (
			);
			inputFileListPaths = (
				"${PODS_ROOT}/Target Support Files/Pods-DevelHelper/Pods-DevelHelper-frameworks-${CONFIGURATION}-input-files.xcfilelist",
			);
			name = "[CP] Embed Pods Frameworks";
			outputFileListPaths = (
				"${PODS_ROOT}/Target Support Files/Pods-DevelHelper/Pods-DevelHelper-frameworks-${CONFIGURATION}-output-files.xcfilelist",
			);
			runOnlyForDeploymentPostprocessing = 0;
			shellPath = /bin/sh;
			shellScript = "\"${PODS_ROOT}/Target Support Files/Pods-DevelHelper/Pods-DevelHelper-frameworks.sh\"\n";
			showEnvVarsInLog = 0;
		};
		C5C0755F2E86293C4FB550D5 /* [CP] Check Pods Manifest.lock */ = {
			isa = PBXShellScriptBuildPhase;
			buildActionMask = 2147483647;
			files = (
			);
			inputFileListPaths = (
			);
			inputPaths = (
				"${PODS_PODFILE_DIR_PATH}/Podfile.lock",
				"${PODS_ROOT}/Manifest.lock",
			);
			name = "[CP] Check Pods Manifest.lock";
			outputFileListPaths = (
			);
			outputPaths = (
				"$(DERIVED_FILE_DIR)/Pods-DevelHelper-checkManifestLockResult.txt",
			);
			runOnlyForDeploymentPostprocessing = 0;
			shellPath = /bin/sh;
			shellScript = "diff \"${PODS_PODFILE_DIR_PATH}/Podfile.lock\" \"${PODS_ROOT}/Manifest.lock\" > /dev/null\nif [ $? != 0 ] ; then\n    # print error to STDERR\n    echo \"error: The sandbox is not in sync with the Podfile.lock. Run 'pod install' or update your CocoaPods installation.\" >&2\n    exit 1\nfi\n# This output is used by Xcode 'outputs' to avoid re-running this script phase.\necho \"SUCCESS\" > \"${SCRIPT_OUTPUT_FILE_0}\"\n";
			showEnvVarsInLog = 0;
		};
/* End PBXShellScriptBuildPhase section */

/* Begin PBXSourcesBuildPhase section */
		66E06C7F298D169E0060DEFF /* Sources */ = {
			isa = PBXSourcesBuildPhase;
			buildActionMask = 2147483647;
			files = (
				66E06CCE298D328D0060DEFF /* SourceTextView.swift in Sources */,
				66E06C87298D169E0060DEFF /* AppDelegate.swift in Sources */,
				66E06CC7298D252F0060DEFF /* SnapKit+.swift in Sources */,
				66E06CC9298D254F0060DEFF /* APIKeys.swift in Sources */,
				66E06CC0298D24AC0060DEFF /* Language.swift in Sources */,
				66E06CB5298D1B060060DEFF /* ExaminationGuideViewController.swift in Sources */,
				66E06CCB298D2FDE0060DEFF /* LanguageButtonView.swift in Sources */,
				66E06CBA298D1DEF0060DEFF /* TranslateViewController.swift in Sources */,
				66E06CB3298D1A160060DEFF /* HumanInterfaceGuideViewController.swift in Sources */,
				66E06CB7298D1D360060DEFF /* HomeViewController.swift in Sources */,
				66E06CAE298D19530060DEFF /* UIColor+.swift in Sources */,
				66E06CB1298D19790060DEFF /* String+.swift in Sources */,
				66E06C9E298D17590060DEFF /* MainTabBarController.swift in Sources */,
				66E06CD0298D33390060DEFF /* ResultTextView.swift in Sources */,
				66E06CC5298D24F40060DEFF /* TranslateResponseModel.swift in Sources */,
				66E06CC3298D24D20060DEFF /* TranslateRequestModel.swift in Sources */,
				66E06C89298D169E0060DEFF /* SceneDelegate.swift in Sources */,
				66E06CD2298FA0F10060DEFF /* InputSourceTextView.swift in Sources */,
			);
			runOnlyForDeploymentPostprocessing = 0;
		};
/* End PBXSourcesBuildPhase section */

/* Begin PBXVariantGroup section */
		66E06C91298D169F0060DEFF /* LaunchScreen.storyboard */ = {
			isa = PBXVariantGroup;
			children = (
				66E06C92298D169F0060DEFF /* Base */,
				66E06C9F298D18E80060DEFF /* ko */,
			);
			name = LaunchScreen.storyboard;
			sourceTree = "<group>";
		};
		66E06CA4298D18FD0060DEFF /* Localizable.strings */ = {
			isa = PBXVariantGroup;
			children = (
				66E06CA3298D18FD0060DEFF /* en */,
				66E06CA5298D18FE0060DEFF /* ko */,
			);
			name = Localizable.strings;
			sourceTree = "<group>";
		};
		66E06CAA298D19110060DEFF /* InfoPlist.strings */ = {
			isa = PBXVariantGroup;
			children = (
				66E06CA9298D19110060DEFF /* en */,
				66E06CAB298D19150060DEFF /* ko */,
			);
			name = InfoPlist.strings;
			sourceTree = "<group>";
		};
/* End PBXVariantGroup section */

/* Begin XCBuildConfiguration section */
		66E06C95298D169F0060DEFF /* Debug */ = {
			isa = XCBuildConfiguration;
			buildSettings = {
				ALWAYS_SEARCH_USER_PATHS = NO;
				CLANG_ANALYZER_LOCALIZABILITY_NONLOCALIZED = YES;
				CLANG_ANALYZER_NONNULL = YES;
				CLANG_ANALYZER_NUMBER_OBJECT_CONVERSION = YES_AGGRESSIVE;
				CLANG_CXX_LANGUAGE_STANDARD = "gnu++20";
				CLANG_ENABLE_MODULES = YES;
				CLANG_ENABLE_OBJC_ARC = YES;
				CLANG_ENABLE_OBJC_WEAK = YES;
				CLANG_WARN_BLOCK_CAPTURE_AUTORELEASING = YES;
				CLANG_WARN_BOOL_CONVERSION = YES;
				CLANG_WARN_COMMA = YES;
				CLANG_WARN_CONSTANT_CONVERSION = YES;
				CLANG_WARN_DEPRECATED_OBJC_IMPLEMENTATIONS = YES;
				CLANG_WARN_DIRECT_OBJC_ISA_USAGE = YES_ERROR;
				CLANG_WARN_DOCUMENTATION_COMMENTS = YES;
				CLANG_WARN_EMPTY_BODY = YES;
				CLANG_WARN_ENUM_CONVERSION = YES;
				CLANG_WARN_INFINITE_RECURSION = YES;
				CLANG_WARN_INT_CONVERSION = YES;
				CLANG_WARN_NON_LITERAL_NULL_CONVERSION = YES;
				CLANG_WARN_OBJC_IMPLICIT_RETAIN_SELF = YES;
				CLANG_WARN_OBJC_LITERAL_CONVERSION = YES;
				CLANG_WARN_OBJC_ROOT_CLASS = YES_ERROR;
				CLANG_WARN_QUOTED_INCLUDE_IN_FRAMEWORK_HEADER = YES;
				CLANG_WARN_RANGE_LOOP_ANALYSIS = YES;
				CLANG_WARN_STRICT_PROTOTYPES = YES;
				CLANG_WARN_SUSPICIOUS_MOVE = YES;
				CLANG_WARN_UNGUARDED_AVAILABILITY = YES_AGGRESSIVE;
				CLANG_WARN_UNREACHABLE_CODE = YES;
				CLANG_WARN__DUPLICATE_METHOD_MATCH = YES;
				COPY_PHASE_STRIP = NO;
				DEBUG_INFORMATION_FORMAT = dwarf;
				ENABLE_STRICT_OBJC_MSGSEND = YES;
				ENABLE_TESTABILITY = YES;
				GCC_C_LANGUAGE_STANDARD = gnu11;
				GCC_DYNAMIC_NO_PIC = NO;
				GCC_NO_COMMON_BLOCKS = YES;
				GCC_OPTIMIZATION_LEVEL = 0;
				GCC_PREPROCESSOR_DEFINITIONS = (
					"DEBUG=1",
					"$(inherited)",
				);
				GCC_WARN_64_TO_32_BIT_CONVERSION = YES;
				GCC_WARN_ABOUT_RETURN_TYPE = YES_ERROR;
				GCC_WARN_UNDECLARED_SELECTOR = YES;
				GCC_WARN_UNINITIALIZED_AUTOS = YES_AGGRESSIVE;
				GCC_WARN_UNUSED_FUNCTION = YES;
				GCC_WARN_UNUSED_VARIABLE = YES;
				IPHONEOS_DEPLOYMENT_TARGET = 16.2;
				MTL_ENABLE_DEBUG_INFO = INCLUDE_SOURCE;
				MTL_FAST_MATH = YES;
				ONLY_ACTIVE_ARCH = YES;
				SDKROOT = iphoneos;
				SWIFT_ACTIVE_COMPILATION_CONDITIONS = DEBUG;
				SWIFT_OPTIMIZATION_LEVEL = "-Onone";
			};
			name = Debug;
		};
		66E06C96298D169F0060DEFF /* Release */ = {
			isa = XCBuildConfiguration;
			buildSettings = {
				ALWAYS_SEARCH_USER_PATHS = NO;
				CLANG_ANALYZER_LOCALIZABILITY_NONLOCALIZED = YES;
				CLANG_ANALYZER_NONNULL = YES;
				CLANG_ANALYZER_NUMBER_OBJECT_CONVERSION = YES_AGGRESSIVE;
				CLANG_CXX_LANGUAGE_STANDARD = "gnu++20";
				CLANG_ENABLE_MODULES = YES;
				CLANG_ENABLE_OBJC_ARC = YES;
				CLANG_ENABLE_OBJC_WEAK = YES;
				CLANG_WARN_BLOCK_CAPTURE_AUTORELEASING = YES;
				CLANG_WARN_BOOL_CONVERSION = YES;
				CLANG_WARN_COMMA = YES;
				CLANG_WARN_CONSTANT_CONVERSION = YES;
				CLANG_WARN_DEPRECATED_OBJC_IMPLEMENTATIONS = YES;
				CLANG_WARN_DIRECT_OBJC_ISA_USAGE = YES_ERROR;
				CLANG_WARN_DOCUMENTATION_COMMENTS = YES;
				CLANG_WARN_EMPTY_BODY = YES;
				CLANG_WARN_ENUM_CONVERSION = YES;
				CLANG_WARN_INFINITE_RECURSION = YES;
				CLANG_WARN_INT_CONVERSION = YES;
				CLANG_WARN_NON_LITERAL_NULL_CONVERSION = YES;
				CLANG_WARN_OBJC_IMPLICIT_RETAIN_SELF = YES;
				CLANG_WARN_OBJC_LITERAL_CONVERSION = YES;
				CLANG_WARN_OBJC_ROOT_CLASS = YES_ERROR;
				CLANG_WARN_QUOTED_INCLUDE_IN_FRAMEWORK_HEADER = YES;
				CLANG_WARN_RANGE_LOOP_ANALYSIS = YES;
				CLANG_WARN_STRICT_PROTOTYPES = YES;
				CLANG_WARN_SUSPICIOUS_MOVE = YES;
				CLANG_WARN_UNGUARDED_AVAILABILITY = YES_AGGRESSIVE;
				CLANG_WARN_UNREACHABLE_CODE = YES;
				CLANG_WARN__DUPLICATE_METHOD_MATCH = YES;
				COPY_PHASE_STRIP = NO;
				DEBUG_INFORMATION_FORMAT = "dwarf-with-dsym";
				ENABLE_NS_ASSERTIONS = NO;
				ENABLE_STRICT_OBJC_MSGSEND = YES;
				GCC_C_LANGUAGE_STANDARD = gnu11;
				GCC_NO_COMMON_BLOCKS = YES;
				GCC_WARN_64_TO_32_BIT_CONVERSION = YES;
				GCC_WARN_ABOUT_RETURN_TYPE = YES_ERROR;
				GCC_WARN_UNDECLARED_SELECTOR = YES;
				GCC_WARN_UNINITIALIZED_AUTOS = YES_AGGRESSIVE;
				GCC_WARN_UNUSED_FUNCTION = YES;
				GCC_WARN_UNUSED_VARIABLE = YES;
				IPHONEOS_DEPLOYMENT_TARGET = 16.2;
				MTL_ENABLE_DEBUG_INFO = NO;
				MTL_FAST_MATH = YES;
				SDKROOT = iphoneos;
				SWIFT_COMPILATION_MODE = wholemodule;
				SWIFT_OPTIMIZATION_LEVEL = "-O";
				VALIDATE_PRODUCT = YES;
			};
			name = Release;
		};
		66E06C98298D169F0060DEFF /* Debug */ = {
			isa = XCBuildConfiguration;
			baseConfigurationReference = 77359693AE42A42619DF59F6 /* Pods-DevelHelper.debug.xcconfig */;
			buildSettings = {
				ASSETCATALOG_COMPILER_APPICON_NAME = AppIcon;
				ASSETCATALOG_COMPILER_GLOBAL_ACCENT_COLOR_NAME = AccentColor;
				CODE_SIGN_STYLE = Automatic;
				CURRENT_PROJECT_VERSION = 1;
				DEVELOPMENT_TEAM = VW2UR5Y845;
				GENERATE_INFOPLIST_FILE = YES;
				INFOPLIST_FILE = DevelHelper/Info.plist;
				INFOPLIST_KEY_UIApplicationSupportsIndirectInputEvents = YES;
				INFOPLIST_KEY_UILaunchStoryboardName = LaunchScreen;
				INFOPLIST_KEY_UISupportedInterfaceOrientations_iPad = "UIInterfaceOrientationPortrait UIInterfaceOrientationPortraitUpsideDown UIInterfaceOrientationLandscapeLeft UIInterfaceOrientationLandscapeRight";
				INFOPLIST_KEY_UISupportedInterfaceOrientations_iPhone = "UIInterfaceOrientationPortrait UIInterfaceOrientationLandscapeLeft UIInterfaceOrientationLandscapeRight";
				LD_RUNPATH_SEARCH_PATHS = (
					"$(inherited)",
					"@executable_path/Frameworks",
				);
				MARKETING_VERSION = 1.0;
				PRODUCT_BUNDLE_IDENTIFIER = com.junhyeok.DevelHelper;
				PRODUCT_NAME = "$(TARGET_NAME)";
				SWIFT_EMIT_LOC_STRINGS = YES;
				SWIFT_VERSION = 5.0;
				TARGETED_DEVICE_FAMILY = "1,2";
			};
			name = Debug;
		};
		66E06C99298D169F0060DEFF /* Release */ = {
			isa = XCBuildConfiguration;
			baseConfigurationReference = DD28E88CA52898171329E684 /* Pods-DevelHelper.release.xcconfig */;
			buildSettings = {
				ASSETCATALOG_COMPILER_APPICON_NAME = AppIcon;
				ASSETCATALOG_COMPILER_GLOBAL_ACCENT_COLOR_NAME = AccentColor;
				CODE_SIGN_STYLE = Automatic;
				CURRENT_PROJECT_VERSION = 1;
				DEVELOPMENT_TEAM = VW2UR5Y845;
				GENERATE_INFOPLIST_FILE = YES;
				INFOPLIST_FILE = DevelHelper/Info.plist;
				INFOPLIST_KEY_UIApplicationSupportsIndirectInputEvents = YES;
				INFOPLIST_KEY_UILaunchStoryboardName = LaunchScreen;
				INFOPLIST_KEY_UISupportedInterfaceOrientations_iPad = "UIInterfaceOrientationPortrait UIInterfaceOrientationPortraitUpsideDown UIInterfaceOrientationLandscapeLeft UIInterfaceOrientationLandscapeRight";
				INFOPLIST_KEY_UISupportedInterfaceOrientations_iPhone = "UIInterfaceOrientationPortrait UIInterfaceOrientationLandscapeLeft UIInterfaceOrientationLandscapeRight";
				LD_RUNPATH_SEARCH_PATHS = (
					"$(inherited)",
					"@executable_path/Frameworks",
				);
				MARKETING_VERSION = 1.0;
				PRODUCT_BUNDLE_IDENTIFIER = com.junhyeok.DevelHelper;
				PRODUCT_NAME = "$(TARGET_NAME)";
				SWIFT_EMIT_LOC_STRINGS = YES;
				SWIFT_VERSION = 5.0;
				TARGETED_DEVICE_FAMILY = "1,2";
			};
			name = Release;
		};
/* End XCBuildConfiguration section */

/* Begin XCConfigurationList section */
		66E06C7E298D169E0060DEFF /* Build configuration list for PBXProject "DevelHelper" */ = {
			isa = XCConfigurationList;
			buildConfigurations = (
				66E06C95298D169F0060DEFF /* Debug */,
				66E06C96298D169F0060DEFF /* Release */,
			);
			defaultConfigurationIsVisible = 0;
			defaultConfigurationName = Release;
		};
		66E06C97298D169F0060DEFF /* Build configuration list for PBXNativeTarget "DevelHelper" */ = {
			isa = XCConfigurationList;
			buildConfigurations = (
				66E06C98298D169F0060DEFF /* Debug */,
				66E06C99298D169F0060DEFF /* Release */,
			);
			defaultConfigurationIsVisible = 0;
			defaultConfigurationName = Release;
		};
/* End XCConfigurationList section */
	};
	rootObject = 66E06C7B298D169E0060DEFF /* Project object */;
}
